# Omarchy x86_64 / CPython 3.14. Exact wheels verified in the Omarchy VM.
livekit==1.1.18 --hash=sha256:dc2461b668ffa66ca504d05c88af7ea640372f53672ae367145412e374d6aff0
dbus-next==0.2.3 --hash=sha256:58948f9aff9db08316734c0be2a120f6dc502124d9642f55e90ac82ffb16a18b
aiofiles==25.1.0 --hash=sha256:abe311e527c862958650f9438e859c1fa7568a141b22abcd015e120e86a85695
numpy==2.5.3 --hash=sha256:b0521d0f4aebb6e06189451025fa17a913287b13c03d5fe05c017333b654ea5b
protobuf==7.36.1 --hash=sha256:97198b77e369a0abd8e262b8f6c7266c55ddb796a3a12c76d7b8881188ed83aa
types-protobuf==7.35.1.20260906 --hash=sha256:5155e48569e0dabff303fdf578db96cd31ea9a4a63b18018a4ceac6b0ae17462
